// !$*UTF8*$!
{
	archiveVersion = 1;
	classes = {
	};
	objectVersion = 46;
	objects = {

/* Begin PBXBuildFile section */
		83A2EF8B1AD658E300612A0C /* Cocoa.framework in Frameworks */ = {isa = PBXBuildFile; fileRef = 83A2EF8A1AD658E300612A0C /* Cocoa.framework */; };
		83A2EF951AD658E300612A0C /* InfoPlist.strings in Resources */ = {isa = PBXBuildFile; fileRef = 83A2EF931AD658E300612A0C /* InfoPlist.strings */; };
		83A2EF971AD658E300612A0C /* main.m in Sources */ = {isa = PBXBuildFile; fileRef = 83A2EF961AD658E300612A0C /* main.m */; };
		83A2EF9B1AD658E300612A0C /* Credits.rtf in Resources */ = {isa = PBXBuildFile; fileRef = 83A2EF991AD658E300612A0C /* Credits.rtf */; };
		83A2EF9E1AD658E300612A0C /* TALAppDelegate.m in Sources */ = {isa = PBXBuildFile; fileRef = 83A2EF9D1AD658E300612A0C /* TALAppDelegate.m */; };
		83A2EFA11AD658E300612A0C /* MainMenu.xib in Resources */ = {isa = PBXBuildFile; fileRef = 83A2EF9F1AD658E300612A0C /* MainMenu.xib */; };
		83A2EFA31AD658E300612A0C /* Images.xcassets in Resources */ = {isa = PBXBuildFile; fileRef = 83A2EFA21AD658E300612A0C /* Images.xcassets */; };
		83A2EFAA1AD658E300612A0C /* XCTest.framework in Frameworks */ = {isa = PBXBuildFile; fileRef = 83A2EFA91AD658E300612A0C /* XCTest.framework */; };
		83A2EFAB1AD658E300612A0C /* Cocoa.framework in Frameworks */ = {isa = PBXBuildFile; fileRef = 83A2EF8A1AD658E300612A0C /* Cocoa.framework */; };
		83A2EFB31AD658E300612A0C /* InfoPlist.strings in Resources */ = {isa = PBXBuildFile; fileRef = 83A2EFB11AD658E300612A0C /* InfoPlist.strings */; };
		83A2EFB51AD658E300612A0C /* TwitterAPILabTests.m in Sources */ = {isa = PBXBuildFile; fileRef = 83A2EFB41AD658E300612A0C /* TwitterAPILabTests.m */; };
		83A2EFE01AD65B2700612A0C /* NSDateFormatter+STTwitter.m in Sources */ = {isa = PBXBuildFile; fileRef = 83A2EFC11AD65B2600612A0C /* NSDateFormatter+STTwitter.m */; };
		83A2EFE11AD65B2700612A0C /* NSError+STTwitter.m in Sources */ = {isa = PBXBuildFile; fileRef = 83A2EFC31AD65B2600612A0C /* NSError+STTwitter.m */; };
		83A2EFE21AD65B2700612A0C /* NSString+STTwitter.m in Sources */ = {isa = PBXBuildFile; fileRef = 83A2EFC51AD65B2600612A0C /* NSString+STTwitter.m */; };
		83A2EFE31AD65B2700612A0C /* STHTTPRequest+STTwitter.m in Sources */ = {isa = PBXBuildFile; fileRef = 83A2EFC71AD65B2600612A0C /* STHTTPRequest+STTwitter.m */; };
		83A2EFE41AD65B2700612A0C /* STTwitterAPI.m in Sources */ = {isa = PBXBuildFile; fileRef = 83A2EFCA1AD65B2600612A0C /* STTwitterAPI.m */; };
		83A2EFE51AD65B2700612A0C /* STTwitterAppOnly.m in Sources */ = {isa = PBXBuildFile; fileRef = 83A2EFCC1AD65B2600612A0C /* STTwitterAppOnly.m */; };
		83A2EFE61AD65B2700612A0C /* STTwitterHTML.m in Sources */ = {isa = PBXBuildFile; fileRef = 83A2EFCE1AD65B2600612A0C /* STTwitterHTML.m */; };
		83A2EFE71AD65B2700612A0C /* STTwitterOAuth.m in Sources */ = {isa = PBXBuildFile; fileRef = 83A2EFD01AD65B2600612A0C /* STTwitterOAuth.m */; };
		83A2EFE81AD65B2700612A0C /* STTwitterOS.m in Sources */ = {isa = PBXBuildFile; fileRef = 83A2EFD21AD65B2600612A0C /* STTwitterOS.m */; };
		83A2EFE91AD65B2700612A0C /* STTwitterOSRequest.m in Sources */ = {isa = PBXBuildFile; fileRef = 83A2EFD41AD65B2600612A0C /* STTwitterOSRequest.m */; };
		83A2EFEA1AD65B2700612A0C /* STTwitterStreamParser.m in Sources */ = {isa = PBXBuildFile; fileRef = 83A2EFD81AD65B2600612A0C /* STTwitterStreamParser.m */; };
		83A2EFEB1AD65B2700612A0C /* BAVPlistNode.m in Sources */ = {isa = PBXBuildFile; fileRef = 83A2EFDB1AD65B2600612A0C /* BAVPlistNode.m */; };
		83A2EFEC1AD65B2700612A0C /* JSONSyntaxHighlight.m in Sources */ = {isa = PBXBuildFile; fileRef = 83A2EFDD1AD65B2700612A0C /* JSONSyntaxHighlight.m */; };
		83A2EFED1AD65B2700612A0C /* STHTTPRequest.m in Sources */ = {isa = PBXBuildFile; fileRef = 83A2EFDF1AD65B2700612A0C /* STHTTPRequest.m */; };
		83F817221AFBA86C0000F949 /* _OTCGeneral.m in Sources */ = {isa = PBXBuildFile; fileRef = 83F817081AFBA86C0000F949 /* _OTCGeneral.m */; };
		83F817231AFBA86C0000F949 /* NSColor+Objectwitter-C.m in Sources */ = {isa = PBXBuildFile; fileRef = 83F8170A1AFBA86C0000F949 /* NSColor+Objectwitter-C.m */; };
		83F817241AFBA86C0000F949 /* NSDate+WSCCocoaDate.m in Sources */ = {isa = PBXBuildFile; fileRef = 83F8170C1AFBA86C0000F949 /* NSDate+WSCCocoaDate.m */; };
		83F817261AFBA86C0000F949 /* OTCEmbeddedURL.m in Sources */ = {isa = PBXBuildFile; fileRef = 83F817111AFBA86C0000F949 /* OTCEmbeddedURL.m */; };
		83F817271AFBA86C0000F949 /* OTCFinancialSymbol.m in Sources */ = {isa = PBXBuildFile; fileRef = 83F817131AFBA86C0000F949 /* OTCFinancialSymbol.m */; };
		83F817281AFBA86C0000F949 /* OTCHashtag.m in Sources */ = {isa = PBXBuildFile; fileRef = 83F817151AFBA86C0000F949 /* OTCHashtag.m */; };
		83F817291AFBA86C0000F949 /* OTCMedia.m in Sources */ = {isa = PBXBuildFile; fileRef = 83F817171AFBA86C0000F949 /* OTCMedia.m */; };
		83F8172A1AFBA86C0000F949 /* OTCPlace.m in Sources */ = {isa = PBXBuildFile; fileRef = 83F817191AFBA86C0000F949 /* OTCPlace.m */; };
		83F8172B1AFBA86C0000F949 /* OTCResolvedObject.m in Sources */ = {isa = PBXBuildFile; fileRef = 83F8171B1AFBA86C0000F949 /* OTCResolvedObject.m */; };
		83F8172C1AFBA86C0000F949 /* OTCTweet.m in Sources */ = {isa = PBXBuildFile; fileRef = 83F8171D1AFBA86C0000F949 /* OTCTweet.m */; };
		83F8172D1AFBA86C0000F949 /* OTCTwitterUser.m in Sources */ = {isa = PBXBuildFile; fileRef = 83F8171F1AFBA86C0000F949 /* OTCTwitterUser.m */; };
		83F8172E1AFBA86C0000F949 /* OTCUserMention.m in Sources */ = {isa = PBXBuildFile; fileRef = 83F817211AFBA86C0000F949 /* OTCUserMention.m */; };
/* End PBXBuildFile section */

/* Begin PBXContainerItemProxy section */
		83A2EFAC1AD658E300612A0C /* PBXContainerItemProxy */ = {
			isa = PBXContainerItemProxy;
			containerPortal = 83A2EF7F1AD658E300612A0C /* Project object */;
			proxyType = 1;
			remoteGlobalIDString = 83A2EF861AD658E300612A0C;
			remoteInfo = TwitterAPILab;
		};
/* End PBXContainerItemProxy section */

/* Begin PBXCopyFilesBuildPhase section */
		835329DE1AD8CA9300F37CFD /* CopyFiles */ = {
			isa = PBXCopyFilesBuildPhase;
			buildActionMask = 2147483647;
			dstPath = "";
			dstSubfolderSpec = 10;
			files = (
			);
			runOnlyForDeploymentPostprocessing = 0;
		};
		835329E51AD8CFE900F37CFD /* CopyFiles */ = {
			isa = PBXCopyFilesBuildPhase;
			buildActionMask = 2147483647;
			dstPath = "";
			dstSubfolderSpec = 10;
			files = (
			);
			runOnlyForDeploymentPostprocessing = 0;
		};
/* End PBXCopyFilesBuildPhase section */

/* Begin PBXFileReference section */
		83A2EF871AD658E300612A0C /* TwitterAPILab.app */ = {isa = PBXFileReference; explicitFileType = wrapper.application; includeInIndex = 0; path = TwitterAPILab.app; sourceTree = BUILT_PRODUCTS_DIR; };
		83A2EF8A1AD658E300612A0C /* Cocoa.framework */ = {isa = PBXFileReference; lastKnownFileType = wrapper.framework; name = Cocoa.framework; path = System/Library/Frameworks/Cocoa.framework; sourceTree = SDKROOT; };
		83A2EF8D1AD658E300612A0C /* AppKit.framework */ = {isa = PBXFileReference; lastKnownFileType = wrapper.framework; name = AppKit.framework; path = System/Library/Frameworks/AppKit.framework; sourceTree = SDKROOT; };
		83A2EF8E1AD658E300612A0C /* CoreData.framework */ = {isa = PBXFileReference; lastKnownFileType = wrapper.framework; name = CoreData.framework; path = System/Library/Frameworks/CoreData.framework; sourceTree = SDKROOT; };
		83A2EF8F1AD658E300612A0C /* Foundation.framework */ = {isa = PBXFileReference; lastKnownFileType = wrapper.framework; name = Foundation.framework; path = System/Library/Frameworks/Foundation.framework; sourceTree = SDKROOT; };
		83A2EF921AD658E300612A0C /* TwitterAPILab-Info.plist */ = {isa = PBXFileReference; lastKnownFileType = text.plist.xml; path = "TwitterAPILab-Info.plist"; sourceTree = "<group>"; };
		83A2EF941AD658E300612A0C /* en */ = {isa = PBXFileReference; lastKnownFileType = text.plist.strings; name = en; path = en.lproj/InfoPlist.strings; sourceTree = "<group>"; };
		83A2EF961AD658E300612A0C /* main.m */ = {isa = PBXFileReference; lastKnownFileType = sourcecode.c.objc; path = main.m; sourceTree = "<group>"; };
		83A2EF981AD658E300612A0C /* TwitterAPILab-Prefix.pch */ = {isa = PBXFileReference; lastKnownFileType = sourcecode.c.h; path = "TwitterAPILab-Prefix.pch"; sourceTree = "<group>"; };
		83A2EF9A1AD658E300612A0C /* en */ = {isa = PBXFileReference; lastKnownFileType = text.rtf; name = en; path = en.lproj/Credits.rtf; sourceTree = "<group>"; };
		83A2EF9C1AD658E300612A0C /* TALAppDelegate.h */ = {isa = PBXFileReference; lastKnownFileType = sourcecode.c.h; path = TALAppDelegate.h; sourceTree = "<group>"; };
		83A2EF9D1AD658E300612A0C /* TALAppDelegate.m */ = {isa = PBXFileReference; lastKnownFileType = sourcecode.c.objc; path = TALAppDelegate.m; sourceTree = "<group>"; };
		83A2EFA01AD658E300612A0C /* Base */ = {isa = PBXFileReference; lastKnownFileType = file.xib; name = Base; path = Base.lproj/MainMenu.xib; sourceTree = "<group>"; };
		83A2EFA21AD658E300612A0C /* Images.xcassets */ = {isa = PBXFileReference; lastKnownFileType = folder.assetcatalog; path = Images.xcassets; sourceTree = "<group>"; };
		83A2EFA81AD658E300612A0C /* TwitterAPILabTests.xctest */ = {isa = PBXFileReference; explicitFileType = wrapper.cfbundle; includeInIndex = 0; path = TwitterAPILabTests.xctest; sourceTree = BUILT_PRODUCTS_DIR; };
		83A2EFA91AD658E300612A0C /* XCTest.framework */ = {isa = PBXFileReference; lastKnownFileType = wrapper.framework; name = XCTest.framework; path = Library/Frameworks/XCTest.framework; sourceTree = DEVELOPER_DIR; };
		83A2EFB01AD658E300612A0C /* TwitterAPILabTests-Info.plist */ = {isa = PBXFileReference; lastKnownFileType = text.plist.xml; path = "TwitterAPILabTests-Info.plist"; sourceTree = "<group>"; };
		83A2EFB21AD658E300612A0C /* en */ = {isa = PBXFileReference; lastKnownFileType = text.plist.strings; name = en; path = en.lproj/InfoPlist.strings; sourceTree = "<group>"; };
		83A2EFB41AD658E300612A0C /* TwitterAPILabTests.m */ = {isa = PBXFileReference; lastKnownFileType = sourcecode.c.objc; path = TwitterAPILabTests.m; sourceTree = "<group>"; };
		83A2EFC01AD65B2600612A0C /* NSDateFormatter+STTwitter.h */ = {isa = PBXFileReference; fileEncoding = 4; lastKnownFileType = sourcecode.c.h; path = "NSDateFormatter+STTwitter.h"; sourceTree = "<group>"; };
		83A2EFC11AD65B2600612A0C /* NSDateFormatter+STTwitter.m */ = {isa = PBXFileReference; fileEncoding = 4; lastKnownFileType = sourcecode.c.objc; path = "NSDateFormatter+STTwitter.m"; sourceTree = "<group>"; };
		83A2EFC21AD65B2600612A0C /* NSError+STTwitter.h */ = {isa = PBXFileReference; fileEncoding = 4; lastKnownFileType = sourcecode.c.h; path = "NSError+STTwitter.h"; sourceTree = "<group>"; };
		83A2EFC31AD65B2600612A0C /* NSError+STTwitter.m */ = {isa = PBXFileReference; fileEncoding = 4; lastKnownFileType = sourcecode.c.objc; path = "NSError+STTwitter.m"; sourceTree = "<group>"; };
		83A2EFC41AD65B2600612A0C /* NSString+STTwitter.h */ = {isa = PBXFileReference; fileEncoding = 4; lastKnownFileType = sourcecode.c.h; path = "NSString+STTwitter.h"; sourceTree = "<group>"; };
		83A2EFC51AD65B2600612A0C /* NSString+STTwitter.m */ = {isa = PBXFileReference; fileEncoding = 4; lastKnownFileType = sourcecode.c.objc; path = "NSString+STTwitter.m"; sourceTree = "<group>"; };
		83A2EFC61AD65B2600612A0C /* STHTTPRequest+STTwitter.h */ = {isa = PBXFileReference; fileEncoding = 4; lastKnownFileType = sourcecode.c.h; path = "STHTTPRequest+STTwitter.h"; sourceTree = "<group>"; };
		83A2EFC71AD65B2600612A0C /* STHTTPRequest+STTwitter.m */ = {isa = PBXFileReference; fileEncoding = 4; lastKnownFileType = sourcecode.c.objc; path = "STHTTPRequest+STTwitter.m"; sourceTree = "<group>"; };
		83A2EFC81AD65B2600612A0C /* STTwitter.h */ = {isa = PBXFileReference; fileEncoding = 4; lastKnownFileType = sourcecode.c.h; path = STTwitter.h; sourceTree = "<group>"; };
		83A2EFC91AD65B2600612A0C /* STTwitterAPI.h */ = {isa = PBXFileReference; fileEncoding = 4; lastKnownFileType = sourcecode.c.h; path = STTwitterAPI.h; sourceTree = "<group>"; };
		83A2EFCA1AD65B2600612A0C /* STTwitterAPI.m */ = {isa = PBXFileReference; fileEncoding = 4; lastKnownFileType = sourcecode.c.objc; path = STTwitterAPI.m; sourceTree = "<group>"; };
		83A2EFCB1AD65B2600612A0C /* STTwitterAppOnly.h */ = {isa = PBXFileReference; fileEncoding = 4; lastKnownFileType = sourcecode.c.h; path = STTwitterAppOnly.h; sourceTree = "<group>"; };
		83A2EFCC1AD65B2600612A0C /* STTwitterAppOnly.m */ = {isa = PBXFileReference; fileEncoding = 4; lastKnownFileType = sourcecode.c.objc; path = STTwitterAppOnly.m; sourceTree = "<group>"; };
		83A2EFCD1AD65B2600612A0C /* STTwitterHTML.h */ = {isa = PBXFileReference; fileEncoding = 4; lastKnownFileType = sourcecode.c.h; path = STTwitterHTML.h; sourceTree = "<group>"; };
		83A2EFCE1AD65B2600612A0C /* STTwitterHTML.m */ = {isa = PBXFileReference; fileEncoding = 4; lastKnownFileType = sourcecode.c.objc; path = STTwitterHTML.m; sourceTree = "<group>"; };
		83A2EFCF1AD65B2600612A0C /* STTwitterOAuth.h */ = {isa = PBXFileReference; fileEncoding = 4; lastKnownFileType = sourcecode.c.h; path = STTwitterOAuth.h; sourceTree = "<group>"; };
		83A2EFD01AD65B2600612A0C /* STTwitterOAuth.m */ = {isa = PBXFileReference; fileEncoding = 4; lastKnownFileType = sourcecode.c.objc; path = STTwitterOAuth.m; sourceTree = "<group>"; };
		83A2EFD11AD65B2600612A0C /* STTwitterOS.h */ = {isa = PBXFileReference; fileEncoding = 4; lastKnownFileType = sourcecode.c.h; path = STTwitterOS.h; sourceTree = "<group>"; };
		83A2EFD21AD65B2600612A0C /* STTwitterOS.m */ = {isa = PBXFileReference; fileEncoding = 4; lastKnownFileType = sourcecode.c.objc; path = STTwitterOS.m; sourceTree = "<group>"; };
		83A2EFD31AD65B2600612A0C /* STTwitterOSRequest.h */ = {isa = PBXFileReference; fileEncoding = 4; lastKnownFileType = sourcecode.c.h; path = STTwitterOSRequest.h; sourceTree = "<group>"; };
		83A2EFD41AD65B2600612A0C /* STTwitterOSRequest.m */ = {isa = PBXFileReference; fileEncoding = 4; lastKnownFileType = sourcecode.c.objc; path = STTwitterOSRequest.m; sourceTree = "<group>"; };
		83A2EFD51AD65B2600612A0C /* STTwitterProtocol.h */ = {isa = PBXFileReference; fileEncoding = 4; lastKnownFileType = sourcecode.c.h; path = STTwitterProtocol.h; sourceTree = "<group>"; };
		83A2EFD61AD65B2600612A0C /* STTwitterRequestProtocol.h */ = {isa = PBXFileReference; fileEncoding = 4; lastKnownFileType = sourcecode.c.h; path = STTwitterRequestProtocol.h; sourceTree = "<group>"; };
		83A2EFD71AD65B2600612A0C /* STTwitterStreamParser.h */ = {isa = PBXFileReference; fileEncoding = 4; lastKnownFileType = sourcecode.c.h; path = STTwitterStreamParser.h; sourceTree = "<group>"; };
		83A2EFD81AD65B2600612A0C /* STTwitterStreamParser.m */ = {isa = PBXFileReference; fileEncoding = 4; lastKnownFileType = sourcecode.c.objc; path = STTwitterStreamParser.m; sourceTree = "<group>"; };
		83A2EFDA1AD65B2600612A0C /* BAVPlistNode.h */ = {isa = PBXFileReference; fileEncoding = 4; lastKnownFileType = sourcecode.c.h; path = BAVPlistNode.h; sourceTree = "<group>"; };
		83A2EFDB1AD65B2600612A0C /* BAVPlistNode.m */ = {isa = PBXFileReference; fileEncoding = 4; lastKnownFileType = sourcecode.c.objc; path = BAVPlistNode.m; sourceTree = "<group>"; };
		83A2EFDC1AD65B2600612A0C /* JSONSyntaxHighlight.h */ = {isa = PBXFileReference; fileEncoding = 4; lastKnownFileType = sourcecode.c.h; path = JSONSyntaxHighlight.h; sourceTree = "<group>"; };
		83A2EFDD1AD65B2700612A0C /* JSONSyntaxHighlight.m */ = {isa = PBXFileReference; fileEncoding = 4; lastKnownFileType = sourcecode.c.objc; path = JSONSyntaxHighlight.m; sourceTree = "<group>"; };
		83A2EFDE1AD65B2700612A0C /* STHTTPRequest.h */ = {isa = PBXFileReference; fileEncoding = 4; lastKnownFileType = sourcecode.c.h; path = STHTTPRequest.h; sourceTree = "<group>"; };
		83A2EFDF1AD65B2700612A0C /* STHTTPRequest.m */ = {isa = PBXFileReference; fileEncoding = 4; lastKnownFileType = sourcecode.c.objc; path = STHTTPRequest.m; sourceTree = "<group>"; };
		83A2EFEE1AD65B4200612A0C /* TwitterAPILab.entitlements */ = {isa = PBXFileReference; lastKnownFileType = text.xml; path = TwitterAPILab.entitlements; sourceTree = "<group>"; };
		83F817071AFBA86C0000F949 /* _OTCGeneral.h */ = {isa = PBXFileReference; fileEncoding = 4; lastKnownFileType = sourcecode.c.h; name = _OTCGeneral.h; path = "Objectwitter-C/Objectwitter-C/_OTCGeneral.h"; sourceTree = SOURCE_ROOT; };
		83F817081AFBA86C0000F949 /* _OTCGeneral.m */ = {isa = PBXFileReference; fileEncoding = 4; lastKnownFileType = sourcecode.c.objc; name = _OTCGeneral.m; path = "Objectwitter-C/Objectwitter-C/_OTCGeneral.m"; sourceTree = SOURCE_ROOT; };
		83F817091AFBA86C0000F949 /* NSColor+Objectwitter-C.h */ = {isa = PBXFileReference; fileEncoding = 4; lastKnownFileType = sourcecode.c.h; name = "NSColor+Objectwitter-C.h"; path = "Objectwitter-C/Objectwitter-C/NSColor+Objectwitter-C.h"; sourceTree = SOURCE_ROOT; };
		83F8170A1AFBA86C0000F949 /* NSColor+Objectwitter-C.m */ = {isa = PBXFileReference; fileEncoding = 4; lastKnownFileType = sourcecode.c.objc; name = "NSColor+Objectwitter-C.m"; path = "Objectwitter-C/Objectwitter-C/NSColor+Objectwitter-C.m"; sourceTree = SOURCE_ROOT; };
		83F8170B1AFBA86C0000F949 /* NSDate+WSCCocoaDate.h */ = {isa = PBXFileReference; fileEncoding = 4; lastKnownFileType = sourcecode.c.h; name = "NSDate+WSCCocoaDate.h"; path = "Objectwitter-C/Objectwitter-C/NSDate+WSCCocoaDate.h"; sourceTree = SOURCE_ROOT; };
		83F8170C1AFBA86C0000F949 /* NSDate+WSCCocoaDate.m */ = {isa = PBXFileReference; fileEncoding = 4; lastKnownFileType = sourcecode.c.objc; name = "NSDate+WSCCocoaDate.m"; path = "Objectwitter-C/Objectwitter-C/NSDate+WSCCocoaDate.m"; sourceTree = SOURCE_ROOT; };
		83F8170F1AFBA86C0000F949 /* Objectwitter-C.h */ = {isa = PBXFileReference; fileEncoding = 4; lastKnownFileType = sourcecode.c.h; name = "Objectwitter-C.h"; path = "Objectwitter-C/Objectwitter-C/Objectwitter-C.h"; sourceTree = SOURCE_ROOT; };
		83F817101AFBA86C0000F949 /* OTCEmbeddedURL.h */ = {isa = PBXFileReference; fileEncoding = 4; lastKnownFileType = sourcecode.c.h; name = OTCEmbeddedURL.h; path = "Objectwitter-C/Objectwitter-C/OTCEmbeddedURL.h"; sourceTree = SOURCE_ROOT; };
		83F817111AFBA86C0000F949 /* OTCEmbeddedURL.m */ = {isa = PBXFileReference; fileEncoding = 4; lastKnownFileType = sourcecode.c.objc; name = OTCEmbeddedURL.m; path = "Objectwitter-C/Objectwitter-C/OTCEmbeddedURL.m"; sourceTree = SOURCE_ROOT; };
		83F817121AFBA86C0000F949 /* OTCFinancialSymbol.h */ = {isa = PBXFileReference; fileEncoding = 4; lastKnownFileType = sourcecode.c.h; name = OTCFinancialSymbol.h; path = "Objectwitter-C/Objectwitter-C/OTCFinancialSymbol.h"; sourceTree = SOURCE_ROOT; };
		83F817131AFBA86C0000F949 /* OTCFinancialSymbol.m */ = {isa = PBXFileReference; fileEncoding = 4; lastKnownFileType = sourcecode.c.objc; name = OTCFinancialSymbol.m; path = "Objectwitter-C/Objectwitter-C/OTCFinancialSymbol.m"; sourceTree = SOURCE_ROOT; };
		83F817141AFBA86C0000F949 /* OTCHashtag.h */ = {isa = PBXFileReference; fileEncoding = 4; lastKnownFileType = sourcecode.c.h; name = OTCHashtag.h; path = "Objectwitter-C/Objectwitter-C/OTCHashtag.h"; sourceTree = SOURCE_ROOT; };
		83F817151AFBA86C0000F949 /* OTCHashtag.m */ = {isa = PBXFileReference; fileEncoding = 4; lastKnownFileType = sourcecode.c.objc; name = OTCHashtag.m; path = "Objectwitter-C/Objectwitter-C/OTCHashtag.m"; sourceTree = SOURCE_ROOT; };
		83F817161AFBA86C0000F949 /* OTCMedia.h */ = {isa = PBXFileReference; fileEncoding = 4; lastKnownFileType = sourcecode.c.h; name = OTCMedia.h; path = "Objectwitter-C/Objectwitter-C/OTCMedia.h"; sourceTree = SOURCE_ROOT; };
		83F817171AFBA86C0000F949 /* OTCMedia.m */ = {isa = PBXFileReference; fileEncoding = 4; lastKnownFileType = sourcecode.c.objc; name = OTCMedia.m; path = "Objectwitter-C/Objectwitter-C/OTCMedia.m"; sourceTree = SOURCE_ROOT; };
		83F817181AFBA86C0000F949 /* OTCPlace.h */ = {isa = PBXFileReference; fileEncoding = 4; lastKnownFileType = sourcecode.c.h; name = OTCPlace.h; path = "Objectwitter-C/Objectwitter-C/OTCPlace.h"; sourceTree = SOURCE_ROOT; };
		83F817191AFBA86C0000F949 /* OTCPlace.m */ = {isa = PBXFileReference; fileEncoding = 4; lastKnownFileType = sourcecode.c.objc; name = OTCPlace.m; path = "Objectwitter-C/Objectwitter-C/OTCPlace.m"; sourceTree = SOURCE_ROOT; };
		83F8171A1AFBA86C0000F949 /* OTCResolvedObject.h */ = {isa = PBXFileReference; fileEncoding = 4; lastKnownFileType = sourcecode.c.h; name = OTCResolvedObject.h; path = "Objectwitter-C/Objectwitter-C/OTCResolvedObject.h"; sourceTree = SOURCE_ROOT; };
		83F8171B1AFBA86C0000F949 /* OTCResolvedObject.m */ = {isa = PBXFileReference; fileEncoding = 4; lastKnownFileType = sourcecode.c.objc; name = OTCResolvedObject.m; path = "Objectwitter-C/Objectwitter-C/OTCResolvedObject.m"; sourceTree = SOURCE_ROOT; };
		83F8171C1AFBA86C0000F949 /* OTCTweet.h */ = {isa = PBXFileReference; fileEncoding = 4; lastKnownFileType = sourcecode.c.h; name = OTCTweet.h; path = "Objectwitter-C/Objectwitter-C/OTCTweet.h"; sourceTree = SOURCE_ROOT; };
		83F8171D1AFBA86C0000F949 /* OTCTweet.m */ = {isa = PBXFileReference; fileEncoding = 4; lastKnownFileType = sourcecode.c.objc; name = OTCTweet.m; path = "Objectwitter-C/Objectwitter-C/OTCTweet.m"; sourceTree = SOURCE_ROOT; };
		83F8171E1AFBA86C0000F949 /* OTCTwitterUser.h */ = {isa = PBXFileReference; fileEncoding = 4; lastKnownFileType = sourcecode.c.h; name = OTCTwitterUser.h; path = "Objectwitter-C/Objectwitter-C/OTCTwitterUser.h"; sourceTree = SOURCE_ROOT; };
		83F8171F1AFBA86C0000F949 /* OTCTwitterUser.m */ = {isa = PBXFileReference; fileEncoding = 4; lastKnownFileType = sourcecode.c.objc; name = OTCTwitterUser.m; path = "Objectwitter-C/Objectwitter-C/OTCTwitterUser.m"; sourceTree = SOURCE_ROOT; };
		83F817201AFBA86C0000F949 /* OTCUserMention.h */ = {isa = PBXFileReference; fileEncoding = 4; lastKnownFileType = sourcecode.c.h; name = OTCUserMention.h; path = "Objectwitter-C/Objectwitter-C/OTCUserMention.h"; sourceTree = SOURCE_ROOT; };
		83F817211AFBA86C0000F949 /* OTCUserMention.m */ = {isa = PBXFileReference; fileEncoding = 4; lastKnownFileType = sourcecode.c.objc; name = OTCUserMention.m; path = "Objectwitter-C/Objectwitter-C/OTCUserMention.m"; sourceTree = SOURCE_ROOT; };
/* End PBXFileReference section */

/* Begin PBXFrameworksBuildPhase section */
		83A2EF841AD658E300612A0C /* Frameworks */ = {
			isa = PBXFrameworksBuildPhase;
			buildActionMask = 2147483647;
			files = (
				83A2EF8B1AD658E300612A0C /* Cocoa.framework in Frameworks */,
			);
			runOnlyForDeploymentPostprocessing = 0;
		};
		83A2EFA51AD658E300612A0C /* Frameworks */ = {
			isa = PBXFrameworksBuildPhase;
			buildActionMask = 2147483647;
			files = (
				83A2EFAB1AD658E300612A0C /* Cocoa.framework in Frameworks */,
				83A2EFAA1AD658E300612A0C /* XCTest.framework in Frameworks */,
			);
			runOnlyForDeploymentPostprocessing = 0;
		};
/* End PBXFrameworksBuildPhase section */

/* Begin PBXGroup section */
		83A2EF7E1AD658E300612A0C = {
			isa = PBXGroup;
			children = (
				83A2EF901AD658E300612A0C /* TwitterAPILab */,
				83A2EFAE1AD658E300612A0C /* TwitterAPILabTests */,
				83A2EFBE1AD65B1B00612A0C /* Vendor */,
				83A2EF891AD658E300612A0C /* Frameworks */,
				83A2EF881AD658E300612A0C /* Products */,
			);
			sourceTree = "<group>";
		};
		83A2EF881AD658E300612A0C /* Products */ = {
			isa = PBXGroup;
			children = (
				83A2EF871AD658E300612A0C /* TwitterAPILab.app */,
				83A2EFA81AD658E300612A0C /* TwitterAPILabTests.xctest */,
			);
			name = Products;
			sourceTree = "<group>";
		};
		83A2EF891AD658E300612A0C /* Frameworks */ = {
			isa = PBXGroup;
			children = (
				83A2EF8A1AD658E300612A0C /* Cocoa.framework */,
				83A2EFA91AD658E300612A0C /* XCTest.framework */,
				83A2EF8C1AD658E300612A0C /* Other Frameworks */,
			);
			name = Frameworks;
			sourceTree = "<group>";
		};
		83A2EF8C1AD658E300612A0C /* Other Frameworks */ = {
			isa = PBXGroup;
			children = (
				83A2EF8D1AD658E300612A0C /* AppKit.framework */,
				83A2EF8E1AD658E300612A0C /* CoreData.framework */,
				83A2EF8F1AD658E300612A0C /* Foundation.framework */,
			);
			name = "Other Frameworks";
			sourceTree = "<group>";
		};
		83A2EF901AD658E300612A0C /* TwitterAPILab */ = {
			isa = PBXGroup;
			children = (
				83A2EFEE1AD65B4200612A0C /* TwitterAPILab.entitlements */,
				83A2EF9C1AD658E300612A0C /* TALAppDelegate.h */,
				83A2EF9D1AD658E300612A0C /* TALAppDelegate.m */,
				83A2EF9F1AD658E300612A0C /* MainMenu.xib */,
				83A2EFA21AD658E300612A0C /* Images.xcassets */,
				83A2EF911AD658E300612A0C /* Supporting Files */,
			);
			path = TwitterAPILab;
			sourceTree = "<group>";
		};
		83A2EF911AD658E300612A0C /* Supporting Files */ = {
			isa = PBXGroup;
			children = (
				83A2EF921AD658E300612A0C /* TwitterAPILab-Info.plist */,
				83A2EF931AD658E300612A0C /* InfoPlist.strings */,
				83A2EF961AD658E300612A0C /* main.m */,
				83A2EF981AD658E300612A0C /* TwitterAPILab-Prefix.pch */,
				83A2EF991AD658E300612A0C /* Credits.rtf */,
			);
			name = "Supporting Files";
			sourceTree = "<group>";
		};
		83A2EFAE1AD658E300612A0C /* TwitterAPILabTests */ = {
			isa = PBXGroup;
			children = (
				83A2EFB41AD658E300612A0C /* TwitterAPILabTests.m */,
				83A2EFAF1AD658E300612A0C /* Supporting Files */,
			);
			path = TwitterAPILabTests;
			sourceTree = "<group>";
		};
		83A2EFAF1AD658E300612A0C /* Supporting Files */ = {
			isa = PBXGroup;
			children = (
				83A2EFB01AD658E300612A0C /* TwitterAPILabTests-Info.plist */,
				83A2EFB11AD658E300612A0C /* InfoPlist.strings */,
			);
			name = "Supporting Files";
			sourceTree = "<group>";
		};
		83A2EFBE1AD65B1B00612A0C /* Vendor */ = {
			isa = PBXGroup;
			children = (
				83A2EFBF1AD65B2600612A0C /* STTwitter */,
			);
			name = Vendor;
			sourceTree = "<group>";
		};
		83A2EFBF1AD65B2600612A0C /* STTwitter */ = {
			isa = PBXGroup;
			children = (
				83B531351AD7F0D000021914 /* Private */,
				83A2EFC01AD65B2600612A0C /* NSDateFormatter+STTwitter.h */,
				83A2EFC11AD65B2600612A0C /* NSDateFormatter+STTwitter.m */,
				83A2EFC21AD65B2600612A0C /* NSError+STTwitter.h */,
				83A2EFC31AD65B2600612A0C /* NSError+STTwitter.m */,
				83A2EFC41AD65B2600612A0C /* NSString+STTwitter.h */,
				83A2EFC51AD65B2600612A0C /* NSString+STTwitter.m */,
				83A2EFC61AD65B2600612A0C /* STHTTPRequest+STTwitter.h */,
				83A2EFC71AD65B2600612A0C /* STHTTPRequest+STTwitter.m */,
				83A2EFC81AD65B2600612A0C /* STTwitter.h */,
				83A2EFC91AD65B2600612A0C /* STTwitterAPI.h */,
				83A2EFCA1AD65B2600612A0C /* STTwitterAPI.m */,
				83A2EFCB1AD65B2600612A0C /* STTwitterAppOnly.h */,
				83A2EFCC1AD65B2600612A0C /* STTwitterAppOnly.m */,
				83A2EFCD1AD65B2600612A0C /* STTwitterHTML.h */,
				83A2EFCE1AD65B2600612A0C /* STTwitterHTML.m */,
				83A2EFCF1AD65B2600612A0C /* STTwitterOAuth.h */,
				83A2EFD01AD65B2600612A0C /* STTwitterOAuth.m */,
				83A2EFD11AD65B2600612A0C /* STTwitterOS.h */,
				83A2EFD21AD65B2600612A0C /* STTwitterOS.m */,
				83A2EFD31AD65B2600612A0C /* STTwitterOSRequest.h */,
				83A2EFD41AD65B2600612A0C /* STTwitterOSRequest.m */,
				83A2EFD51AD65B2600612A0C /* STTwitterProtocol.h */,
				83A2EFD61AD65B2600612A0C /* STTwitterRequestProtocol.h */,
				83A2EFD71AD65B2600612A0C /* STTwitterStreamParser.h */,
				83A2EFD81AD65B2600612A0C /* STTwitterStreamParser.m */,
				83F817091AFBA86C0000F949 /* NSColor+Objectwitter-C.h */,
				83F8170A1AFBA86C0000F949 /* NSColor+Objectwitter-C.m */,
				83F8170B1AFBA86C0000F949 /* NSDate+WSCCocoaDate.h */,
				83F8170C1AFBA86C0000F949 /* NSDate+WSCCocoaDate.m */,
				83F8170F1AFBA86C0000F949 /* Objectwitter-C.h */,
				83F817101AFBA86C0000F949 /* OTCEmbeddedURL.h */,
				83F817111AFBA86C0000F949 /* OTCEmbeddedURL.m */,
				83F817121AFBA86C0000F949 /* OTCFinancialSymbol.h */,
				83F817131AFBA86C0000F949 /* OTCFinancialSymbol.m */,
				83F817141AFBA86C0000F949 /* OTCHashtag.h */,
				83F817151AFBA86C0000F949 /* OTCHashtag.m */,
				83F817161AFBA86C0000F949 /* OTCMedia.h */,
				83F817171AFBA86C0000F949 /* OTCMedia.m */,
				83F817181AFBA86C0000F949 /* OTCPlace.h */,
				83F817191AFBA86C0000F949 /* OTCPlace.m */,
				83F8171A1AFBA86C0000F949 /* OTCResolvedObject.h */,
				83F8171B1AFBA86C0000F949 /* OTCResolvedObject.m */,
				83F8171C1AFBA86C0000F949 /* OTCTweet.h */,
				83F8171D1AFBA86C0000F949 /* OTCTweet.m */,
				83F8171E1AFBA86C0000F949 /* OTCTwitterUser.h */,
				83F8171F1AFBA86C0000F949 /* OTCTwitterUser.m */,
				83F817201AFBA86C0000F949 /* OTCUserMention.h */,
				83F817211AFBA86C0000F949 /* OTCUserMention.m */,
				83A2EFD91AD65B2600612A0C /* Vendor */,
			);
			name = STTwitter;
			path = "Objectwitter-C/STTwitter";
			sourceTree = "<group>";
		};
		83A2EFD91AD65B2600612A0C /* Vendor */ = {
			isa = PBXGroup;
			children = (
				83A2EFDA1AD65B2600612A0C /* BAVPlistNode.h */,
				83A2EFDB1AD65B2600612A0C /* BAVPlistNode.m */,
				83A2EFDC1AD65B2600612A0C /* JSONSyntaxHighlight.h */,
				83A2EFDD1AD65B2700612A0C /* JSONSyntaxHighlight.m */,
				83A2EFDE1AD65B2700612A0C /* STHTTPRequest.h */,
				83A2EFDF1AD65B2700612A0C /* STHTTPRequest.m */,
			);
			path = Vendor;
			sourceTree = "<group>";
		};
		83B531351AD7F0D000021914 /* Private */ = {
			isa = PBXGroup;
			children = (
				83F817071AFBA86C0000F949 /* _OTCGeneral.h */,
				83F817081AFBA86C0000F949 /* _OTCGeneral.m */,
			);
			name = Private;
			sourceTree = "<group>";
		};
/* End PBXGroup section */

/* Begin PBXNativeTarget section */
		83A2EF861AD658E300612A0C /* TwitterAPILab */ = {
			isa = PBXNativeTarget;
			buildConfigurationList = 83A2EFB81AD658E300612A0C /* Build configuration list for PBXNativeTarget "TwitterAPILab" */;
			buildPhases = (
				83A2EF831AD658E300612A0C /* Sources */,
				83A2EF841AD658E300612A0C /* Frameworks */,
				83A2EF851AD658E300612A0C /* Resources */,
				835329DE1AD8CA9300F37CFD /* CopyFiles */,
				835329E51AD8CFE900F37CFD /* CopyFiles */,
			);
			buildRules = (
			);
			dependencies = (
			);
			name = TwitterAPILab;
			productName = TwitterAPILab;
			productReference = 83A2EF871AD658E300612A0C /* TwitterAPILab.app */;
			productType = "com.apple.product-type.application";
		};
		83A2EFA71AD658E300612A0C /* TwitterAPILabTests */ = {
			isa = PBXNativeTarget;
			buildConfigurationList = 83A2EFBB1AD658E300612A0C /* Build configuration list for PBXNativeTarget "TwitterAPILabTests" */;
			buildPhases = (
				83A2EFA41AD658E300612A0C /* Sources */,
				83A2EFA51AD658E300612A0C /* Frameworks */,
				83A2EFA61AD658E300612A0C /* Resources */,
			);
			buildRules = (
			);
			dependencies = (
				83A2EFAD1AD658E300612A0C /* PBXTargetDependency */,
			);
			name = TwitterAPILabTests;
			productName = TwitterAPILabTests;
			productReference = 83A2EFA81AD658E300612A0C /* TwitterAPILabTests.xctest */;
			productType = "com.apple.product-type.bundle.unit-test";
		};
/* End PBXNativeTarget section */

/* Begin PBXProject section */
		83A2EF7F1AD658E300612A0C /* Project object */ = {
			isa = PBXProject;
			attributes = {
				CLASSPREFIX = TAL;
				LastUpgradeCheck = 0510;
				TargetAttributes = {
					83A2EF861AD658E300612A0C = {
						SystemCapabilities = {
							com.apple.Sandbox = {
								enabled = 1;
							};
						};
					};
					83A2EFA71AD658E300612A0C = {
						TestTargetID = 83A2EF861AD658E300612A0C;
					};
				};
			};
			buildConfigurationList = 83A2EF821AD658E300612A0C /* Build configuration list for PBXProject "TwitterAPILab" */;
			compatibilityVersion = "Xcode 3.2";
			developmentRegion = English;
			hasScannedForEncodings = 0;
			knownRegions = (
				en,
				Base,
			);
			mainGroup = 83A2EF7E1AD658E300612A0C;
			productRefGroup = 83A2EF881AD658E300612A0C /* Products */;
			projectDirPath = "";
			projectRoot = "";
			targets = (
				83A2EF861AD658E300612A0C /* TwitterAPILab */,
				83A2EFA71AD658E300612A0C /* TwitterAPILabTests */,
			);
		};
/* End PBXProject section */

/* Begin PBXResourcesBuildPhase section */
		83A2EF851AD658E300612A0C /* Resources */ = {
			isa = PBXResourcesBuildPhase;
			buildActionMask = 2147483647;
			files = (
				83A2EF951AD658E300612A0C /* InfoPlist.strings in Resources */,
				83A2EFA31AD658E300612A0C /* Images.xcassets in Resources */,
				83A2EF9B1AD658E300612A0C /* Credits.rtf in Resources */,
				83A2EFA11AD658E300612A0C /* MainMenu.xib in Resources */,
			);
			runOnlyForDeploymentPostprocessing = 0;
		};
		83A2EFA61AD658E300612A0C /* Resources */ = {
			isa = PBXResourcesBuildPhase;
			buildActionMask = 2147483647;
			files = (
				83A2EFB31AD658E300612A0C /* InfoPlist.strings in Resources */,
			);
			runOnlyForDeploymentPostprocessing = 0;
		};
/* End PBXResourcesBuildPhase section */

/* Begin PBXSourcesBuildPhase section */
		83A2EF831AD658E300612A0C /* Sources */ = {
			isa = PBXSourcesBuildPhase;
			buildActionMask = 2147483647;
			files = (
				83F8172A1AFBA86C0000F949 /* OTCPlace.m in Sources */,
				83A2EF9E1AD658E300612A0C /* TALAppDelegate.m in Sources */,
				83F817291AFBA86C0000F949 /* OTCMedia.m in Sources */,
				83F817281AFBA86C0000F949 /* OTCHashtag.m in Sources */,
				83A2EFE21AD65B2700612A0C /* NSString+STTwitter.m in Sources */,
				83A2EFE51AD65B2700612A0C /* STTwitterAppOnly.m in Sources */,
				83A2EF971AD658E300612A0C /* main.m in Sources */,
				83A2EFEB1AD65B2700612A0C /* BAVPlistNode.m in Sources */,
				83F8172B1AFBA86C0000F949 /* OTCResolvedObject.m in Sources */,
				83A2EFE91AD65B2700612A0C /* STTwitterOSRequest.m in Sources */,
				83F817261AFBA86C0000F949 /* OTCEmbeddedURL.m in Sources */,
				83A2EFE71AD65B2700612A0C /* STTwitterOAuth.m in Sources */,
				83F8172C1AFBA86C0000F949 /* OTCTweet.m in Sources */,
				83A2EFE81AD65B2700612A0C /* STTwitterOS.m in Sources */,
				83F8172D1AFBA86C0000F949 /* OTCTwitterUser.m in Sources */,
				83A2EFEA1AD65B2700612A0C /* STTwitterStreamParser.m in Sources */,
				83F8172E1AFBA86C0000F949 /* OTCUserMention.m in Sources */,
				83F817241AFBA86C0000F949 /* NSDate+WSCCocoaDate.m in Sources */,
				83F817221AFBA86C0000F949 /* _OTCGeneral.m in Sources */,
				83A2EFE11AD65B2700612A0C /* NSError+STTwitter.m in Sources */,
				83A2EFED1AD65B2700612A0C /* STHTTPRequest.m in Sources */,
				83F817271AFBA86C0000F949 /* OTCFinancialSymbol.m in Sources */,
				83A2EFE01AD65B2700612A0C /* NSDateFormatter+STTwitter.m in Sources */,
				83A2EFEC1AD65B2700612A0C /* JSONSyntaxHighlight.m in Sources */,
				83A2EFE61AD65B2700612A0C /* STTwitterHTML.m in Sources */,
				83F817231AFBA86C0000F949 /* NSColor+Objectwitter-C.m in Sources */,
				83A2EFE31AD65B2700612A0C /* STHTTPRequest+STTwitter.m in Sources */,
				83A2EFE41AD65B2700612A0C /* STTwitterAPI.m in Sources */,
			);
			runOnlyForDeploymentPostprocessing = 0;
		};
		83A2EFA41AD658E300612A0C /* Sources */ = {
			isa = PBXSourcesBuildPhase;
			buildActionMask = 2147483647;
			files = (
				83A2EFB51AD658E300612A0C /* TwitterAPILabTests.m in Sources */,
			);
			runOnlyForDeploymentPostprocessing = 0;
		};
/* End PBXSourcesBuildPhase section */

/* Begin PBXTargetDependency section */
		83A2EFAD1AD658E300612A0C /* PBXTargetDependency */ = {
			isa = PBXTargetDependency;
			target = 83A2EF861AD658E300612A0C /* TwitterAPILab */;
			targetProxy = 83A2EFAC1AD658E300612A0C /* PBXContainerItemProxy */;
		};
/* End PBXTargetDependency section */

/* Begin PBXVariantGroup section */
		83A2EF931AD658E300612A0C /* InfoPlist.strings */ = {
			isa = PBXVariantGroup;
			children = (
				83A2EF941AD658E300612A0C /* en */,
			);
			name = InfoPlist.strings;
			sourceTree = "<group>";
		};
		83A2EF991AD658E300612A0C /* Credits.rtf */ = {
			isa = PBXVariantGroup;
			children = (
				83A2EF9A1AD658E300612A0C /* en */,
			);
			name = Credits.rtf;
			sourceTree = "<group>";
		};
		83A2EF9F1AD658E300612A0C /* MainMenu.xib */ = {
			isa = PBXVariantGroup;
			children = (
				83A2EFA01AD658E300612A0C /* Base */,
			);
			name = MainMenu.xib;
			sourceTree = "<group>";
		};
		83A2EFB11AD658E300612A0C /* InfoPlist.strings */ = {
			isa = PBXVariantGroup;
			children = (
				83A2EFB21AD658E300612A0C /* en */,
			);
			name = InfoPlist.strings;
			sourceTree = "<group>";
		};
/* End PBXVariantGroup section */

/* Begin XCBuildConfiguration section */
		83A2EFB61AD658E300612A0C /* Debug */ = {
			isa = XCBuildConfiguration;
			buildSettings = {
				ALWAYS_SEARCH_USER_PATHS = NO;
				CLANG_CXX_LANGUAGE_STANDARD = "gnu++0x";
				CLANG_CXX_LIBRARY = "libc++";
				CLANG_ENABLE_MODULES = YES;
				CLANG_ENABLE_OBJC_ARC = YES;
				CLANG_WARN_BOOL_CONVERSION = YES;
				CLANG_WARN_CONSTANT_CONVERSION = YES;
				CLANG_WARN_DIRECT_OBJC_ISA_USAGE = YES_ERROR;
				CLANG_WARN_EMPTY_BODY = YES;
				CLANG_WARN_ENUM_CONVERSION = YES;
				CLANG_WARN_INT_CONVERSION = YES;
				CLANG_WARN_OBJC_ROOT_CLASS = YES_ERROR;
				CLANG_WARN__DUPLICATE_METHOD_MATCH = YES;
				COPY_PHASE_STRIP = NO;
				GCC_C_LANGUAGE_STANDARD = gnu99;
				GCC_DYNAMIC_NO_PIC = NO;
				GCC_ENABLE_OBJC_EXCEPTIONS = YES;
				GCC_OPTIMIZATION_LEVEL = 0;
				GCC_PREPROCESSOR_DEFINITIONS = (
					"DEBUG=1",
					"$(inherited)",
				);
				GCC_SYMBOLS_PRIVATE_EXTERN = NO;
				GCC_WARN_64_TO_32_BIT_CONVERSION = YES;
				GCC_WARN_ABOUT_RETURN_TYPE = YES_ERROR;
				GCC_WARN_UNDECLARED_SELECTOR = YES;
				GCC_WARN_UNINITIALIZED_AUTOS = YES_AGGRESSIVE;
				GCC_WARN_UNUSED_FUNCTION = YES;
				GCC_WARN_UNUSED_VARIABLE = YES;
				MACOSX_DEPLOYMENT_TARGET = 10.9;
				ONLY_ACTIVE_ARCH = YES;
				SDKROOT = macosx;
			};
			name = Debug;
		};
		83A2EFB71AD658E300612A0C /* Release */ = {
			isa = XCBuildConfiguration;
			buildSettings = {
				ALWAYS_SEARCH_USER_PATHS = NO;
				CLANG_CXX_LANGUAGE_STANDARD = "gnu++0x";
				CLANG_CXX_LIBRARY = "libc++";
				CLANG_ENABLE_MODULES = YES;
				CLANG_ENABLE_OBJC_ARC = YES;
				CLANG_WARN_BOOL_CONVERSION = YES;
				CLANG_WARN_CONSTANT_CONVERSION = YES;
				CLANG_WARN_DIRECT_OBJC_ISA_USAGE = YES_ERROR;
				CLANG_WARN_EMPTY_BODY = YES;
				CLANG_WARN_ENUM_CONVERSION = YES;
				CLANG_WARN_INT_CONVERSION = YES;
				CLANG_WARN_OBJC_ROOT_CLASS = YES_ERROR;
				CLANG_WARN__DUPLICATE_METHOD_MATCH = YES;
				COPY_PHASE_STRIP = YES;
				DEBUG_INFORMATION_FORMAT = "dwarf-with-dsym";
				ENABLE_NS_ASSERTIONS = NO;
				GCC_C_LANGUAGE_STANDARD = gnu99;
				GCC_ENABLE_OBJC_EXCEPTIONS = YES;
				GCC_WARN_64_TO_32_BIT_CONVERSION = YES;
				GCC_WARN_ABOUT_RETURN_TYPE = YES_ERROR;
				GCC_WARN_UNDECLARED_SELECTOR = YES;
				GCC_WARN_UNINITIALIZED_AUTOS = YES_AGGRESSIVE;
				GCC_WARN_UNUSED_FUNCTION = YES;
				GCC_WARN_UNUSED_VARIABLE = YES;
				MACOSX_DEPLOYMENT_TARGET = 10.9;
				SDKROOT = macosx;
			};
			name = Release;
		};
		83A2EFB91AD658E300612A0C /* Debug */ = {
			isa = XCBuildConfiguration;
			buildSettings = {
				ASSETCATALOG_COMPILER_APPICON_NAME = AppIcon;
				CODE_SIGN_ENTITLEMENTS = TwitterAPILab/TwitterAPILab.entitlements;
				CODE_SIGN_IDENTITY = "-";
				COMBINE_HIDPI_IMAGES = YES;
				FRAMEWORK_SEARCH_PATHS = (
					"$(inherited)",
					"$(PROJECT_DIR)/Objectwitter-C/STTwitter/Vendor",
					/Users/EsquireTongG/Xcode,
					Derived,
					"Data/WaxSealCore-bizuhlynydjjdtgekuprfofwkwkw/Build/Products/Release",
				);
				GCC_PRECOMPILE_PREFIX_HEADER = YES;
				GCC_PREFIX_HEADER = "TwitterAPILab/TwitterAPILab-Prefix.pch";
				INFOPLIST_FILE = "TwitterAPILab/TwitterAPILab-Info.plist";
				PRODUCT_NAME = "$(TARGET_NAME)";
				WRAPPER_EXTENSION = app;
			};
			name = Debug;
		};
		83A2EFBA1AD658E300612A0C /* Release */ = {
			isa = XCBuildConfiguration;
			buildSettings = {
				ASSETCATALOG_COMPILER_APPICON_NAME = AppIcon;
				CODE_SIGN_ENTITLEMENTS = TwitterAPILab/TwitterAPILab.entitlements;
				CODE_SIGN_IDENTITY = "-";
				COMBINE_HIDPI_IMAGES = YES;
				FRAMEWORK_SEARCH_PATHS = (
					"$(inherited)",
					"$(PROJECT_DIR)/Objectwitter-C/STTwitter/Vendor",
					/Users/EsquireTongG/Xcode,
					Derived,
					"Data/WaxSealCore-bizuhlynydjjdtgekuprfofwkwkw/Build/Products/Release",
				);
				GCC_PRECOMPILE_PREFIX_HEADER = YES;
				GCC_PREFIX_HEADER = "TwitterAPILab/TwitterAPILab-Prefix.pch";
				INFOPLIST_FILE = "TwitterAPILab/TwitterAPILab-Info.plist";
				PRODUCT_NAME = "$(TARGET_NAME)";
				WRAPPER_EXTENSION = app;
			};
			name = Release;
		};
		83A2EFBC1AD658E300612A0C /* Debug */ = {
			isa = XCBuildConfiguration;
			buildSettings = {
				BUNDLE_LOADER = "$(BUILT_PRODUCTS_DIR)/TwitterAPILab.app/Contents/MacOS/TwitterAPILab";
				COMBINE_HIDPI_IMAGES = YES;
				FRAMEWORK_SEARCH_PATHS = (
					"$(DEVELOPER_FRAMEWORKS_DIR)",
					"$(inherited)",
				);
				GCC_PRECOMPILE_PREFIX_HEADER = YES;
				GCC_PREFIX_HEADER = "TwitterAPILab/TwitterAPILab-Prefix.pch";
				GCC_PREPROCESSOR_DEFINITIONS = (
					"DEBUG=1",
					"$(inherited)",
				);
				INFOPLIST_FILE = "TwitterAPILabTests/TwitterAPILabTests-Info.plist";
				PRODUCT_NAME = "$(TARGET_NAME)";
				TEST_HOST = "$(BUNDLE_LOADER)";
				WRAPPER_EXTENSION = xctest;
			};
			name = Debug;
		};
		83A2EFBD1AD658E300612A0C /* Release */ = {
			isa = XCBuildConfiguration;
			buildSettings = {
				BUNDLE_LOADER = "$(BUILT_PRODUCTS_DIR)/TwitterAPILab.app/Contents/MacOS/TwitterAPILab";
				COMBINE_HIDPI_IMAGES = YES;
				FRAMEWORK_SEARCH_PATHS = (
					"$(DEVELOPER_FRAMEWORKS_DIR)",
					"$(inherited)",
				);
				GCC_PRECOMPILE_PREFIX_HEADER = YES;
				GCC_PREFIX_HEADER = "TwitterAPILab/TwitterAPILab-Prefix.pch";
				INFOPLIST_FILE = "TwitterAPILabTests/TwitterAPILabTests-Info.plist";
				PRODUCT_NAME = "$(TARGET_NAME)";
				TEST_HOST = "$(BUNDLE_LOADER)";
				WRAPPER_EXTENSION = xctest;
			};
			name = Release;
		};
/* End XCBuildConfiguration section */

/* Begin XCConfigurationList section */
		83A2EF821AD658E300612A0C /* Build configuration list for PBXProject "TwitterAPILab" */ = {
			isa = XCConfigurationList;
			buildConfigurations = (
				83A2EFB61AD658E300612A0C /* Debug */,
				83A2EFB71AD658E300612A0C /* Release */,
			);
			defaultConfigurationIsVisible = 0;
			defaultConfigurationName = Release;
		};
		83A2EFB81AD658E300612A0C /* Build configuration list for PBXNativeTarget "TwitterAPILab" */ = {
			isa = XCConfigurationList;
			buildConfigurations = (
				83A2EFB91AD658E300612A0C /* Debug */,
				83A2EFBA1AD658E300612A0C /* Release */,
			);
			defaultConfigurationIsVisible = 0;
			defaultConfigurationName = Release;
		};
		83A2EFBB1AD658E300612A0C /* Build configuration list for PBXNativeTarget "TwitterAPILabTests" */ = {
			isa = XCConfigurationList;
			buildConfigurations = (
				83A2EFBC1AD658E300612A0C /* Debug */,
				83A2EFBD1AD658E300612A0C /* Release */,
			);
			defaultConfigurationIsVisible = 0;
			defaultConfigurationName = Release;
		};
/* End XCConfigurationList section */
	};
	rootObject = 83A2EF7F1AD658E300612A0C /* Project object */;
}
